
Microsoft Visual Studio Solution File, Format Version 12.00
# Visual Studio Version 17
VisualStudioVersion = 17.3.32922.545
MinimumVisualStudioVersion = 10.0.40219.1
Project("{FAE04EC0-301F-11D3-BF4B-00C04F79EFBC}") = "Cars_UsedCars", "Cars_UsedCars.csproj", "{7469890A-B9EE-4B44-AA22-AA88F87C9D24}"
EndProject
Global
	GlobalSection(SolutionConfigurationPlatforms) = preSolution
		Debug|Any CPU = Debug|Any CPU
		Release|Any CPU = Release|Any CPU
	EndGlobalSection
	GlobalSection(ProjectConfigurationPlatforms) = postSolution
		{7469890A-B9EE-4B44-AA22-AA88F87C9D24}.Debug|Any CPU.ActiveCfg = Debug|Any CPU
		{7469890A-B9EE-4B44-AA22-AA88F87C9D24}.Debug|Any CPU.Build.0 = Debug|Any CPU
		{7469890A-B9EE-4B44-AA22-AA88F87C9D24}.Release|Any CPU.ActiveCfg = Release|Any CPU
		{7469890A-B9EE-4B44-AA22-AA88F87C9D24}.Release|Any CPU.Build.0 = Release|Any CPU
	EndGlobalSection
	GlobalSection(SolutionProperties) = preSolution
		HideSolutionNode = FALSE
	EndGlobalSection
	GlobalSection(ExtensibilityGlobals) = postSolution
		SolutionGuid = {5302DF66-1D38-4471-9FAB-F04C036661D0}
	EndGlobalSection
EndGlobal
